
Microsoft Visual Studio Solution File, Format Version 12.00
# Visual Studio Version 17
VisualStudioVersion = 17.7.34003.232
MinimumVisualStudioVersion = 10.0.40219.1
Project("{FAE04EC0-301F-11D3-BF4B-00C04F79EFBC}") = "HubSpotApi", "HubSpotApi.csproj", "{5589E01A-C963-404E-9C9F-7F461E393C2E}"
EndProject
Global
	GlobalSection(SolutionConfigurationPlatforms) = preSolution
		Debug|Any CPU = Debug|Any CPU
		Release|Any CPU = Release|Any CPU
	EndGlobalSection
	GlobalSection(ProjectConfigurationPlatforms) = postSolution
		{5589E01A-C963-404E-9C9F-7F461E393C2E}.Debug|Any CPU.ActiveCfg = Debug|Any CPU
		{5589E01A-C963-404E-9C9F-7F461E393C2E}.Debug|Any CPU.Build.0 = Debug|Any CPU
		{5589E01A-C963-404E-9C9F-7F461E393C2E}.Release|Any CPU.ActiveCfg = Release|Any CPU
		{5589E01A-C963-404E-9C9F-7F461E393C2E}.Release|Any CPU.Build.0 = Release|Any CPU
	EndGlobalSection
	GlobalSection(SolutionProperties) = preSolution
		HideSolutionNode = FALSE
	EndGlobalSection
	GlobalSection(ExtensibilityGlobals) = postSolution
		SolutionGuid = {805B5A51-9048-43F1-B872-D94F7B777CA6}
	EndGlobalSection
EndGlobal
